<Solution>
    <Configurations>
        <Platform Name="Any CPU" />
    </Configurations>
    <Folder Name="/src/">
        <Project Path="src/Forge.Domain/Forge.Domain.csproj" />
        <Project Path="src/Forge.Application/Forge.Application.csproj" />
        <Project Path="src/Forge.EntityFrameworkCore/Forge.EntityFrameworkCore.csproj" />
        <Project Path="src/Forge.Domain.Shared/Forge.Domain.Shared.csproj" />
        <Project Path="src/Forge.Application.Contracts/Forge.Application.Contracts.csproj" />
        <Project Path="src/Forge.HttpApi/Forge.HttpApi.csproj" />
        <Project Path="src/Forge.HttpApi.Client/Forge.HttpApi.Client.csproj" />
        <Project Path="src/Forge.HttpApi.Host/Forge.HttpApi.Host.csproj" />
        <Project Path="src/Forge.DbMigrator/Forge.DbMigrator.csproj" />
    </Folder>
    <Folder Name="/test/">
        <Project Path="test/Forge.Application.Tests/Forge.Application.Tests.csproj" />
        <Project Path="test/Forge.EntityFrameworkCore.Tests/Forge.EntityFrameworkCore.Tests.csproj" />
        <Project Path="test/Forge.TestBase/Forge.TestBase.csproj" />
        <Project Path="test/Forge.Domain.Tests/Forge.Domain.Tests.csproj" />
        <Project Path="test/Forge.HttpApi.Client.ConsoleTestApp/Forge.HttpApi.Client.ConsoleTestApp.csproj" />
    </Folder>
</Solution>